<?xml version="1.0" encoding="utf-8"?>
<Project ToolsVersion="4.0" xmlns="http://schemas.microsoft.com/developer/msbuild/2003">
  <ItemGroup>
    <Filter Include="Source Files">
      <UniqueIdentifier>{4FC737F1-C7A5-4376-A066-2A32D752A2FF}</UniqueIdentifier>
      <Extensions>cpp;c;cc;cxx;c++;cppm;ixx;def;odl;idl;hpj;bat;asm;asmx</Extensions>
    </Filter>
    <Filter Include="Header Files">
      <UniqueIdentifier>{93995380-89BD-4b04-88EB-625FBE52EBFB}</UniqueIdentifier>
      <Extensions>h;hh;hpp;hxx;h++;hm;inl;inc;ipp;xsd</Extensions>
    </Filter>
    <Filter Include="Resource Files">
      <UniqueIdentifier>{67DA6AB6-F800-4c08-8B7A-83BB121AAD01}</UniqueIdentifier>
      <Extensions>rc;ico;cur;bmp;dlg;rc2;rct;bin;rgs;gif;jpg;jpeg;jpe;resx;tiff;tif;png;wav;mfcribbon-ms</Extensions>
    </Filter>
    <Filter Include="Source Files\shaders">
      <UniqueIdentifier>{d76bd96f-7e28-4bb2-98c1-8415539ff5eb}</UniqueIdentifier>
    </Filter>
  </ItemGroup>
  <ItemGroup>
    <ClCompile Include="VisualAnalytics.cpp">
      <Filter>Source Files</Filter>
    </ClCompile>
    <ClCompile Include="glad\glad.c">
      <Filter>Source Files</Filter>
    </ClCompile>
    <ClCompile Include="tinyobjloader\tiny_obj_loader.cc">
      <Filter>Source Files</Filter>
    </ClCompile>
    <ClCompile Include="Camera.cpp">
      <Filter>Source Files</Filter>
    </ClCompile>
    <ClCompile Include="Model.cpp">
      <Filter>Source Files</Filter>
    </ClCompile>
    <ClCompile Include="shader_utilities.cpp">
      <Filter>Source Files</Filter>
    </ClCompile>
    <ClCompile Include="Edge.cpp">
      <Filter>Source Files</Filter>
    </ClCompile>
    <ClCompile Include="features\VisibleTrianglesFeature.cpp">
      <Filter>Source Files</Filter>
    </ClCompile>
    <ClCompile Include="utils.cpp">
      <Filter>Source Files</Filter>
    </ClCompile>
    <ClCompile Include="Configuration.cpp">
      <Filter>Source Files</Filter>
    </ClCompile>
    <ClCompile Include="framebuffers\FramebufferData.cpp">
      <Filter>Source Files</Filter>
    </ClCompile>
    <ClCompile Include="features\ProjectedAreaFeature.cpp">
      <Filter>Source Files</Filter>
    </ClCompile>
    <ClCompile Include="features\VisibleAreaRatioFeature.cpp">
      <Filter>Source Files</Filter>
    </ClCompile>
    <ClCompile Include="features\VisibilityRatioFeature.cpp">
      <Filter>Source Files</Filter>
    </ClCompile>
    <ClCompile Include="features\ViewpointEntropyFeature.cpp">
      <Filter>Source Files</Filter>
    </ClCompile>
    <ClCompile Include="features\SilhouetteLengthFeature.cpp">
      <Filter>Source Files</Filter>
    </ClCompile>
    <ClCompile Include="framebuffers\IdDepthFramebufferData.cpp">
      <Filter>Source Files</Filter>
    </ClCompile>
    <ClCompile Include="framebuffers\SilhouetteFramebufferData.cpp">
      <Filter>Source Files</Filter>
    </ClCompile>
    <ClCompile Include="features\DepthMaximizingFeature.cpp">
      <Filter>Source Files</Filter>
    </ClCompile>
    <ClCompile Include="features\SilhouetteCurvatureFeature.cpp">
      <Filter>Source Files</Filter>
    </ClCompile>
    <ClCompile Include="features\PixelPositionFeature.cpp">
      <Filter>Source Files</Filter>
    </ClCompile>
    <ClCompile Include="features\ContourFeature.cpp">
      <Filter>Source Files</Filter>
    </ClCompile>
    <ClCompile Include="features\DiscontinuityFeature.cpp">
      <Filter>Source Files</Filter>
    </ClCompile>
    <ClCompile Include="features\NormalFeature.cpp">
      <Filter>Source Files</Filter>
    </ClCompile>
    <ClCompile Include="framebuffers\NormalFramebufferData.cpp">
      <Filter>Source Files</Filter>
    </ClCompile>
    <ClCompile Include="framebuffers\WorldPositionFramebufferData.cpp">
      <Filter>Source Files</Filter>
    </ClCompile>
    <ClCompile Include="features\WorldPositionFeature.cpp">
      <Filter>Source Files</Filter>
    </ClCompile>
    <ClCompile Include="framebuffers\ViewDependentCurvatureFramebufferData.cpp">
      <Filter>Source Files</Filter>
    </ClCompile>
    <ClCompile Include="features\ViewDependentCurvatureFeature.cpp">
      <Filter>Source Files</Filter>
    </ClCompile>
    <ClCompile Include="features\MaskFeature.cpp">
      <Filter>Source Files</Filter>
    </ClCompile>
    <ClCompile Include="features\ContourDistanceFeature.cpp">
      <Filter>Source Files</Filter>
    </ClCompile>
    <ClCompile Include="Icosphere.cpp">
      <Filter>Source Files</Filter>
    </ClCompile>
    <ClCompile Include="Exporter.cpp">
      <Filter>Source Files</Filter>
    </ClCompile>
  </ItemGroup>
  <ItemGroup>
    <None Include="packages.config" />
    <None Include="shaders\silhouette.frag">
      <Filter>Source Files\shaders</Filter>
    </None>
    <None Include="shaders\silhouette.vert">
      <Filter>Source Files\shaders</Filter>
    </None>
    <None Include="shaders\contours.frag">
      <Filter>Source Files\shaders</Filter>
    </None>
    <None Include="shaders\contours.vert">
      <Filter>Source Files\shaders</Filter>
    </None>
    <None Include="shaders\main.frag">
      <Filter>Source Files\shaders</Filter>
    </None>
    <None Include="shaders\main.vert">
      <Filter>Source Files\shaders</Filter>
    </None>
    <None Include="shaders\triangle_vertex_id.frag" />
    <None Include="shaders\triangle_vertex_id.vert" />
    <None Include="shaders\edge_detection.vert" />
    <None Include="shaders\edge_detection.frag" />
    <None Include="shaders\edge_curvature.vert" />
    <None Include="shaders\edge_curvature.frag" />
    <None Include="shaders\discontinuity.vert" />
    <None Include="shaders\discontinuity.frag" />
    <None Include="shaders\silhouette1i.frag" />
    <None Include="shaders\contours1i.frag" />
    <None Include="shaders\normal.frag" />
    <None Include="shaders\world_position.frag" />
    <None Include="shaders\view_curvature.vert" />
    <None Include="shaders\view_curvature.frag" />
  </ItemGroup>
  <ItemGroup>
    <ClInclude Include="glad\glad.h">
      <Filter>Header Files</Filter>
    </ClInclude>
    <ClInclude Include="glad\khrplatform.h">
      <Filter>Header Files</Filter>
    </ClInclude>
    <ClInclude Include="tinyobjloader\tiny_obj_loader.h">
      <Filter>Header Files</Filter>
    </ClInclude>
    <ClInclude Include="Camera.h">
      <Filter>Header Files</Filter>
    </ClInclude>
    <ClInclude Include="shader_utilities.h">
      <Filter>Header Files</Filter>
    </ClInclude>
    <ClInclude Include="Uniform.h">
      <Filter>Header Files</Filter>
    </ClInclude>
    <ClInclude Include="Edge.h">
      <Filter>Header Files</Filter>
    </ClInclude>
    <ClInclude Include="Model.h">
      <Filter>Header Files</Filter>
    </ClInclude>
    <ClInclude Include="utils.h">
      <Filter>Header Files</Filter>
    </ClInclude>
    <ClInclude Include="features\Feature.h">
      <Filter>Header Files</Filter>
    </ClInclude>
    <ClInclude Include="features\VisibleTrianglesFeature.h">
      <Filter>Header Files</Filter>
    </ClInclude>
    <ClInclude Include="FeatureSet.h">
      <Filter>Header Files</Filter>
    </ClInclude>
    <ClInclude Include="Configuration.h">
      <Filter>Header Files</Filter>
    </ClInclude>
    <ClInclude Include="framebuffers\FramebufferData.h">
      <Filter>Header Files</Filter>
    </ClInclude>
    <ClInclude Include="features\ProjectedAreaFeature.h">
      <Filter>Header Files</Filter>
    </ClInclude>
    <ClInclude Include="features\VisibleAreaRatioFeature.h">
      <Filter>Header Files</Filter>
    </ClInclude>
    <ClInclude Include="features\VisibilityRatioFeature.h">
      <Filter>Header Files</Filter>
    </ClInclude>
    <ClInclude Include="features\ViewpointEntropyFeature.h">
      <Filter>Header Files</Filter>
    </ClInclude>
    <ClInclude Include="features\SilhouetteLengthFeature.h">
      <Filter>Header Files</Filter>
    </ClInclude>
    <ClInclude Include="framebuffers\IdDepthFramebufferData.h">
      <Filter>Header Files</Filter>
    </ClInclude>
    <ClInclude Include="framebuffers\SilhouetteFramebufferData.h">
      <Filter>Header Files</Filter>
    </ClInclude>
    <ClInclude Include="features\DepthMaximizingFeature.h">
      <Filter>Header Files</Filter>
    </ClInclude>
    <ClInclude Include="features\SilhouetteCurvatureFeature.h">
      <Filter>Header Files</Filter>
    </ClInclude>
    <ClInclude Include="features\PixelPositionFeature.h">
      <Filter>Header Files</Filter>
    </ClInclude>
    <ClInclude Include="features\ContourFeature.h">
      <Filter>Header Files</Filter>
    </ClInclude>
    <ClInclude Include="features\DiscontinuityFeature.h">
      <Filter>Header Files</Filter>
    </ClInclude>
    <ClInclude Include="features\NormalFeature.h">
      <Filter>Header Files</Filter>
    </ClInclude>
    <ClInclude Include="framebuffers\NormalFramebufferData.h">
      <Filter>Header Files</Filter>
    </ClInclude>
    <ClInclude Include="framebuffers\WorldPositionFramebufferData.h">
      <Filter>Header Files</Filter>
    </ClInclude>
    <ClInclude Include="features\WorldPositionFeature.h">
      <Filter>Header Files</Filter>
    </ClInclude>
    <ClInclude Include="framebuffers\ViewDependentCurvatureFramebufferData.h">
      <Filter>Header Files</Filter>
    </ClInclude>
    <ClInclude Include="features\ViewDependentCurvatureFeature.h">
      <Filter>Header Files</Filter>
    </ClInclude>
    <ClInclude Include="features\MaskFeature.h">
      <Filter>Header Files</Filter>
    </ClInclude>
    <ClInclude Include="features\ContourDistanceFeature.h">
      <Filter>Header Files</Filter>
    </ClInclude>
    <ClInclude Include="Icosphere.h">
      <Filter>Header Files</Filter>
    </ClInclude>
    <ClInclude Include="Exporter.h">
      <Filter>Header Files</Filter>
    </ClInclude>
    <ClInclude Include="subset_selector.h">
      <Filter>Header Files</Filter>
    </ClInclude>
  </ItemGroup>
</Project>